
Microsoft Visual Studio Solution File, Format Version 12.00
# Visual Studio Version 17
VisualStudioVersion = 17.0.32126.317
MinimumVisualStudioVersion = 10.0.40219.1
Project("{FAE04EC0-301F-11D3-BF4B-00C04F79EFBC}") = "stf", "stf.csproj", "{2E7DB56E-585C-4789-AF9D-4E698A598E63}"
EndProject
Global
	GlobalSection(SolutionConfigurationPlatforms) = preSolution
		Debug|Any CPU = Debug|Any CPU
		Release|Any CPU = Release|Any CPU
	EndGlobalSection
	GlobalSection(ProjectConfigurationPlatforms) = postSolution
		{2E7DB56E-585C-4789-AF9D-4E698A598E63}.Debug|Any CPU.ActiveCfg = Debug|Any CPU
		{2E7DB56E-585C-4789-AF9D-4E698A598E63}.Debug|Any CPU.Build.0 = Debug|Any CPU
		{2E7DB56E-585C-4789-AF9D-4E698A598E63}.Release|Any CPU.ActiveCfg = Release|Any CPU
		{2E7DB56E-585C-4789-AF9D-4E698A598E63}.Release|Any CPU.Build.0 = Release|Any CPU
	EndGlobalSection
	GlobalSection(SolutionProperties) = preSolution
		HideSolutionNode = FALSE
	EndGlobalSection
	GlobalSection(ExtensibilityGlobals) = postSolution
		SolutionGuid = {A81E49BD-AADB-4EA1-850A-5786391532F5}
	EndGlobalSection
EndGlobal
